version = 1
revision = 3
requires-python = ">=3.11"

[[package]]
name = "json-repair"
version = "0.61.0"
source = { registry = "https://pypi.org/simple" }
sdist = { url = "https://files.pythonhosted.org/packages/59/c0/1cb689126eacd166fd5a78370f095c7d3a250808dabeda129300e5280110/json_repair-0.61.0.tar.gz", hash = "sha256:48759cc6c3052814c797d1d56787d9e1d451603a8760a55d619e97d2f49353d6", size = 50055, upload-time = "2026-06-16T12:18:33.32Z" }
wheels = [
    { url = "https://files.pythonhosted.org/packages/e2/b9/e996902245d5e12e55b0b2e667d3e83a4636dec3692e405e5b8ea0868263/json_repair-0.61.0-py3-none-any.whl", hash = "sha256:ee9fe5f95fcb2713d72d4495b67b794b62ff2cd24d6dba3bfb3173d9f7ab0f7d", size = 48490, upload-time = "2026-06-16T12:18:31.883Z" },
]

[[package]]
name = "python-mud"
version = "0.1.0"
source = { virtual = "." }
dependencies = [
    { name = "json-repair" },
]

[package.metadata]
requires-dist = [{ name = "json-repair", specifier = ">=0.39.1" }]
